
Microsoft Visual Studio Solution File, Format Version 12.00
# Visual Studio 2013
VisualStudioVersion = 12.0.21005.1
MinimumVisualStudioVersion = 10.0.40219.1
Project("{FAE04EC0-301F-11D3-BF4B-00C04F79EFBC}") = "PDA_LBApi", "PDA_LBApi\PDA_LBApi.csproj", "{FB465C2F-5C75-4C81-8AB6-37CF4863B215}"
EndProject
Project("{FAE04EC0-301F-11D3-BF4B-00C04F79EFBC}") = "Common", "Common\Common.csproj", "{1DFBC8BC-5837-4BB5-B85B-00304DF714BA}"
EndProject
Project("{FAE04EC0-301F-11D3-BF4B-00C04F79EFBC}") = "SqlSugar", "SqlSugar\SqlSugar.csproj", "{489BB790-226C-4FAD-8D1E-51D72A7FF8E5}"
EndProject
Project("{FAE04EC0-301F-11D3-BF4B-00C04F79EFBC}") = "Model", "Model\Model.csproj", "{6A79C396-12C0-4576-BC27-5B660AEC40A6}"
EndProject
Project("{FAE04EC0-301F-11D3-BF4B-00C04F79EFBC}") = "BLL", "BLL\BLL.csproj", "{3676BC40-225F-4B9A-9823-02AB84992D85}"
EndProject
Project("{FAE04EC0-301F-11D3-BF4B-00C04F79EFBC}") = "DAL", "DAL\DAL.csproj", "{CF89138B-DFA3-4A3A-A89F-51E34D63C702}"
EndProject
Project("{FAE04EC0-301F-11D3-BF4B-00C04F79EFBC}") = "ApiHelp", "ApiHelp\ApiHelp.csproj", "{57EED693-5C32-497B-80F2-CA08339FF24C}"
EndProject
Global
	GlobalSection(SolutionConfigurationPlatforms) = preSolution
		Debug|Any CPU = Debug|Any CPU
		Release|Any CPU = Release|Any CPU
	EndGlobalSection
	GlobalSection(ProjectConfigurationPlatforms) = postSolution
		{FB465C2F-5C75-4C81-8AB6-37CF4863B215}.Debug|Any CPU.ActiveCfg = Debug|Any CPU
		{FB465C2F-5C75-4C81-8AB6-37CF4863B215}.Debug|Any CPU.Build.0 = Debug|Any CPU
		{FB465C2F-5C75-4C81-8AB6-37CF4863B215}.Release|Any CPU.ActiveCfg = Release|Any CPU
		{FB465C2F-5C75-4C81-8AB6-37CF4863B215}.Release|Any CPU.Build.0 = Release|Any CPU
		{1DFBC8BC-5837-4BB5-B85B-00304DF714BA}.Debug|Any CPU.ActiveCfg = Debug|Any CPU
		{1DFBC8BC-5837-4BB5-B85B-00304DF714BA}.Debug|Any CPU.Build.0 = Debug|Any CPU
		{1DFBC8BC-5837-4BB5-B85B-00304DF714BA}.Release|Any CPU.ActiveCfg = Release|Any CPU
		{1DFBC8BC-5837-4BB5-B85B-00304DF714BA}.Release|Any CPU.Build.0 = Release|Any CPU
		{489BB790-226C-4FAD-8D1E-51D72A7FF8E5}.Debug|Any CPU.ActiveCfg = Debug|Any CPU
		{489BB790-226C-4FAD-8D1E-51D72A7FF8E5}.Debug|Any CPU.Build.0 = Debug|Any CPU
		{489BB790-226C-4FAD-8D1E-51D72A7FF8E5}.Release|Any CPU.ActiveCfg = Release|Any CPU
		{489BB790-226C-4FAD-8D1E-51D72A7FF8E5}.Release|Any CPU.Build.0 = Release|Any CPU
		{6A79C396-12C0-4576-BC27-5B660AEC40A6}.Debug|Any CPU.ActiveCfg = Debug|Any CPU
		{6A79C396-12C0-4576-BC27-5B660AEC40A6}.Debug|Any CPU.Build.0 = Debug|Any CPU
		{6A79C396-12C0-4576-BC27-5B660AEC40A6}.Release|Any CPU.ActiveCfg = Release|Any CPU
		{6A79C396-12C0-4576-BC27-5B660AEC40A6}.Release|Any CPU.Build.0 = Release|Any CPU
		{3676BC40-225F-4B9A-9823-02AB84992D85}.Debug|Any CPU.ActiveCfg = Debug|Any CPU
		{3676BC40-225F-4B9A-9823-02AB84992D85}.Debug|Any CPU.Build.0 = Debug|Any CPU
		{3676BC40-225F-4B9A-9823-02AB84992D85}.Release|Any CPU.ActiveCfg = Release|Any CPU
		{3676BC40-225F-4B9A-9823-02AB84992D85}.Release|Any CPU.Build.0 = Release|Any CPU
		{CF89138B-DFA3-4A3A-A89F-51E34D63C702}.Debug|Any CPU.ActiveCfg = Debug|Any CPU
		{CF89138B-DFA3-4A3A-A89F-51E34D63C702}.Debug|Any CPU.Build.0 = Debug|Any CPU
		{CF89138B-DFA3-4A3A-A89F-51E34D63C702}.Release|Any CPU.ActiveCfg = Release|Any CPU
		{CF89138B-DFA3-4A3A-A89F-51E34D63C702}.Release|Any CPU.Build.0 = Release|Any CPU
		{57EED693-5C32-497B-80F2-CA08339FF24C}.Debug|Any CPU.ActiveCfg = Debug|Any CPU
		{57EED693-5C32-497B-80F2-CA08339FF24C}.Debug|Any CPU.Build.0 = Debug|Any CPU
		{57EED693-5C32-497B-80F2-CA08339FF24C}.Release|Any CPU.ActiveCfg = Release|Any CPU
		{57EED693-5C32-497B-80F2-CA08339FF24C}.Release|Any CPU.Build.0 = Release|Any CPU
	EndGlobalSection
	GlobalSection(SolutionProperties) = preSolution
		HideSolutionNode = FALSE
	EndGlobalSection
EndGlobal
